
Microsoft Visual Studio Solution File, Format Version 12.00
# Visual Studio Version 16
VisualStudioVersion = 16.0.31313.79
MinimumVisualStudioVersion = 10.0.40219.1
Project("{9A19103F-16F7-4668-BE54-9A1E7A4F7556}") = "sharedcmd", "sharedcmd\sharedcmd.csproj", "{FBD7D61E-0F3A-4FDD-A73E-FE4F56656600}"
EndProject
Project("{9A19103F-16F7-4668-BE54-9A1E7A4F7556}") = "sharedcmd.Playground", "sharedcmd.Playground\sharedcmd.Playground.csproj", "{7889EEDA-1EB3-4EF8-BF6A-0903BC22E145}"
EndProject
Project("{9A19103F-16F7-4668-BE54-9A1E7A4F7556}") = "sharedcmd.Tests", "sharedcmd.Tests\sharedcmd.Tests.csproj", "{8436AA5E-CCE8-4EBF-9F0C-2DCE8CD5D8C0}"
EndProject
Global
	GlobalSection(SolutionConfigurationPlatforms) = preSolution
		Debug|Any CPU = Debug|Any CPU
		Release|Any CPU = Release|Any CPU
	EndGlobalSection
	GlobalSection(ProjectConfigurationPlatforms) = postSolution
		{FBD7D61E-0F3A-4FDD-A73E-FE4F56656600}.Debug|Any CPU.ActiveCfg = Debug|Any CPU
		{FBD7D61E-0F3A-4FDD-A73E-FE4F56656600}.Debug|Any CPU.Build.0 = Debug|Any CPU
		{FBD7D61E-0F3A-4FDD-A73E-FE4F56656600}.Release|Any CPU.ActiveCfg = Release|Any CPU
		{FBD7D61E-0F3A-4FDD-A73E-FE4F56656600}.Release|Any CPU.Build.0 = Release|Any CPU
		{7889EEDA-1EB3-4EF8-BF6A-0903BC22E145}.Debug|Any CPU.ActiveCfg = Debug|Any CPU
		{7889EEDA-1EB3-4EF8-BF6A-0903BC22E145}.Debug|Any CPU.Build.0 = Debug|Any CPU
		{7889EEDA-1EB3-4EF8-BF6A-0903BC22E145}.Release|Any CPU.ActiveCfg = Release|Any CPU
		{7889EEDA-1EB3-4EF8-BF6A-0903BC22E145}.Release|Any CPU.Build.0 = Release|Any CPU
		{8436AA5E-CCE8-4EBF-9F0C-2DCE8CD5D8C0}.Debug|Any CPU.ActiveCfg = Debug|Any CPU
		{8436AA5E-CCE8-4EBF-9F0C-2DCE8CD5D8C0}.Debug|Any CPU.Build.0 = Debug|Any CPU
		{8436AA5E-CCE8-4EBF-9F0C-2DCE8CD5D8C0}.Release|Any CPU.ActiveCfg = Release|Any CPU
		{8436AA5E-CCE8-4EBF-9F0C-2DCE8CD5D8C0}.Release|Any CPU.Build.0 = Release|Any CPU
	EndGlobalSection
	GlobalSection(SolutionProperties) = preSolution
		HideSolutionNode = FALSE
	EndGlobalSection
	GlobalSection(ExtensibilityGlobals) = postSolution
		SolutionGuid = {028E80B7-7635-4FA1-B782-CCF4C2F56306}
	EndGlobalSection
EndGlobal
